
Microsoft Visual Studio Solution File, Format Version 12.00
# Visual Studio Version 16
VisualStudioVersion = 16.0.29905.134
MinimumVisualStudioVersion = 10.0.40219.1
Project("{FAE04EC0-301F-11D3-BF4B-00C04F79EFBC}") = "Laboratorio1_Cordova_Mathias", "Laboratorio1_Cordova_Mathias\Laboratorio1_Cordova_Mathias.csproj", "{0EB8ECB4-8BAF-49E8-B4F5-358570B910BE}"
EndProject
Global
	GlobalSection(SolutionConfigurationPlatforms) = preSolution
		Debug|Any CPU = Debug|Any CPU
		Release|Any CPU = Release|Any CPU
	EndGlobalSection
	GlobalSection(ProjectConfigurationPlatforms) = postSolution
		{0EB8ECB4-8BAF-49E8-B4F5-358570B910BE}.Debug|Any CPU.ActiveCfg = Debug|Any CPU
		{0EB8ECB4-8BAF-49E8-B4F5-358570B910BE}.Debug|Any CPU.Build.0 = Debug|Any CPU
		{0EB8ECB4-8BAF-49E8-B4F5-358570B910BE}.Release|Any CPU.ActiveCfg = Release|Any CPU
		{0EB8ECB4-8BAF-49E8-B4F5-358570B910BE}.Release|Any CPU.Build.0 = Release|Any CPU
	EndGlobalSection
	GlobalSection(SolutionProperties) = preSolution
		HideSolutionNode = FALSE
	EndGlobalSection
	GlobalSection(ExtensibilityGlobals) = postSolution
		SolutionGuid = {ADC723F7-734E-45F5-850C-99E46284D6AB}
	EndGlobalSection
EndGlobal
